// !$*UTF8*$!
{
	archiveVersion = 1;
	classes = {
	};
	objectVersion = 55;
	objects = {

/* Begin PBXBuildFile section */
		B708B5AB28D861F300F5EDBF /* AppDelegate.swift in Sources */ = {isa = PBXBuildFile; fileRef = B708B5AA28D861F300F5EDBF /* AppDelegate.swift */; };
		B708B5AD28D861F300F5EDBF /* SceneDelegate.swift in Sources */ = {isa = PBXBuildFile; fileRef = B708B5AC28D861F300F5EDBF /* SceneDelegate.swift */; };
		B708B5AF28D861F300F5EDBF /* ViewController.swift in Sources */ = {isa = PBXBuildFile; fileRef = B708B5AE28D861F300F5EDBF /* ViewController.swift */; };
		B708B5B228D861F300F5EDBF /* Main.storyboard in Resources */ = {isa = PBXBuildFile; fileRef = B708B5B028D861F300F5EDBF /* Main.storyboard */; };
		B708B5B428D861F400F5EDBF /* Assets.xcassets in Resources */ = {isa = PBXBuildFile; fileRef = B708B5B328D861F400F5EDBF /* Assets.xcassets */; };
		B708B5B728D861F400F5EDBF /* LaunchScreen.storyboard in Resources */ = {isa = PBXBuildFile; fileRef = B708B5B528D861F400F5EDBF /* LaunchScreen.storyboard */; };
		B708B5C228D861F400F5EDBF /* GitProjectTests.swift in Sources */ = {isa = PBXBuildFile; fileRef = B708B5C128D861F400F5EDBF /* GitProjectTests.swift */; };
		B708B5CC28D861F400F5EDBF /* GitProjectUITests.swift in Sources */ = {isa = PBXBuildFile; fileRef = B708B5CB28D861F400F5EDBF /* GitProjectUITests.swift */; };
		B708B5CE28D861F400F5EDBF /* GitProjectUITestsLaunchTests.swift in Sources */ = {isa = PBXBuildFile; fileRef = B708B5CD28D861F400F5EDBF /* GitProjectUITestsLaunchTests.swift */; };
/* End PBXBuildFile section */

/* Begin PBXContainerItemProxy section */
		B708B5BE28D861F400F5EDBF /* PBXContainerItemProxy */ = {
			isa = PBXContainerItemProxy;
			containerPortal = B708B59F28D861F300F5EDBF /* Project object */;
			proxyType = 1;
			remoteGlobalIDString = B708B5A628D861F300F5EDBF;
			remoteInfo = GitProject;
		};
		B708B5C828D861F400F5EDBF /* PBXContainerItemProxy */ = {
			isa = PBXContainerItemProxy;
			containerPortal = B708B59F28D861F300F5EDBF /* Project object */;
			proxyType = 1;
			remoteGlobalIDString = B708B5A628D861F300F5EDBF;
			remoteInfo = GitProject;
		};
/* End PBXContainerItemProxy section */

/* Begin PBXFileReference section */
		B708B5A728D861F300F5EDBF /* GitProject.app */ = {isa = PBXFileReference; explicitFileType = wrapper.application; includeInIndex = 0; path = GitProject.app; sourceTree = BUILT_PRODUCTS_DIR; };
		B708B5AA28D861F300F5EDBF /* AppDelegate.swift */ = {isa = PBXFileReference; lastKnownFileType = sourcecode.swift; path = AppDelegate.swift; sourceTree = "<group>"; };
		B708B5AC28D861F300F5EDBF /* SceneDelegate.swift */ = {isa = PBXFileReference; lastKnownFileType = sourcecode.swift; path = SceneDelegate.swift; sourceTree = "<group>"; };
		B708B5AE28D861F300F5EDBF /* ViewController.swift */ = {isa = PBXFileReference; lastKnownFileType = sourcecode.swift; path = ViewController.swift; sourceTree = "<group>"; };
		B708B5B128D861F300F5EDBF /* Base */ = {isa = PBXFileReference; lastKnownFileType = file.storyboard; name = Base; path = Base.lproj/Main.storyboard; sourceTree = "<group>"; };
		B708B5B328D861F400F5EDBF /* Assets.xcassets */ = {isa = PBXFileReference; lastKnownFileType = folder.assetcatalog; path = Assets.xcassets; sourceTree = "<group>"; };
		B708B5B628D861F400F5EDBF /* Base */ = {isa = PBXFileReference; lastKnownFileType = file.storyboard; name = Base; path = Base.lproj/LaunchScreen.storyboard; sourceTree = "<group>"; };
		B708B5B828D861F400F5EDBF /* Info.plist */ = {isa = PBXFileReference; lastKnownFileType = text.plist.xml; path = Info.plist; sourceTree = "<group>"; };
		B708B5BD28D861F400F5EDBF /* GitProjectTests.xctest */ = {isa = PBXFileReference; explicitFileType = wrapper.cfbundle; includeInIndex = 0; path = GitProjectTests.xctest; sourceTree = BUILT_PRODUCTS_DIR; };
		B708B5C128D861F400F5EDBF /* GitProjectTests.swift */ = {isa = PBXFileReference; lastKnownFileType = sourcecode.swift; path = GitProjectTests.swift; sourceTree = "<group>"; };
		B708B5C728D861F400F5EDBF /* GitProjectUITests.xctest */ = {isa = PBXFileReference; explicitFileType = wrapper.cfbundle; includeInIndex = 0; path = GitProjectUITests.xctest; sourceTree = BUILT_PRODUCTS_DIR; };
		B708B5CB28D861F400F5EDBF /* GitProjectUITests.swift */ = {isa = PBXFileReference; lastKnownFileType = sourcecode.swift; path = GitProjectUITests.swift; sourceTree = "<group>"; };
		B708B5CD28D861F400F5EDBF /* GitProjectUITestsLaunchTests.swift */ = {isa = PBXFileReference; lastKnownFileType = sourcecode.swift; path = GitProjectUITestsLaunchTests.swift; sourceTree = "<group>"; };
/* End PBXFileReference section */

/* Begin PBXFrameworksBuildPhase section */
		B708B5A428D861F300F5EDBF /* Frameworks */ = {
			isa = PBXFrameworksBuildPhase;
			buildActionMask = 2147483647;
			files = (
			);
			runOnlyForDeploymentPostprocessing = 0;
		};
		B708B5BA28D861F400F5EDBF /* Frameworks */ = {
			isa = PBXFrameworksBuildPhase;
			buildActionMask = 2147483647;
			files = (
			);
			runOnlyForDeploymentPostprocessing = 0;
		};
		B708B5C428D861F400F5EDBF /* Frameworks */ = {
			isa = PBXFrameworksBuildPhase;
			buildActionMask = 2147483647;
			files = (
			);
			runOnlyForDeploymentPostprocessing = 0;
		};
/* End PBXFrameworksBuildPhase section */

/* Begin PBXGroup section */
		B708B59E28D861F300F5EDBF = {
			isa = PBXGroup;
			children = (
				B708B5A928D861F300F5EDBF /* GitProject */,
				B708B5C028D861F400F5EDBF /* GitProjectTests */,
				B708B5CA28D861F400F5EDBF /* GitProjectUITests */,
				B708B5A828D861F300F5EDBF /* Products */,
			);
			sourceTree = "<group>";
		};
		B708B5A828D861F300F5EDBF /* Products */ = {
			isa = PBXGroup;
			children = (
				B708B5A728D861F300F5EDBF /* GitProject.app */,
				B708B5BD28D861F400F5EDBF /* GitProjectTests.xctest */,
				B708B5C728D861F400F5EDBF /* GitProjectUITests.xctest */,
			);
			name = Products;
			sourceTree = "<group>";
		};
		B708B5A928D861F300F5EDBF /* GitProject */ = {
			isa = PBXGroup;
			children = (
				B708B5AA28D861F300F5EDBF /* AppDelegate.swift */,
				B708B5AC28D861F300F5EDBF /* SceneDelegate.swift */,
				B708B5AE28D861F300F5EDBF /* ViewController.swift */,
				B708B5B028D861F300F5EDBF /* Main.storyboard */,
				B708B5B328D861F400F5EDBF /* Assets.xcassets */,
				B708B5B528D861F400F5EDBF /* LaunchScreen.storyboard */,
				B708B5B828D861F400F5EDBF /* Info.plist */,
			);
			path = GitProject;
			sourceTree = "<group>";
		};
		B708B5C028D861F400F5EDBF /* GitProjectTests */ = {
			isa = PBXGroup;
			children = (
				B708B5C128D861F400F5EDBF /* GitProjectTests.swift */,
			);
			path = GitProjectTests;
			sourceTree = "<group>";
		};
		B708B5CA28D861F400F5EDBF /* GitProjectUITests */ = {
			isa = PBXGroup;
			children = (
				B708B5CB28D861F400F5EDBF /* GitProjectUITests.swift */,
				B708B5CD28D861F400F5EDBF /* GitProjectUITestsLaunchTests.swift */,
			);
			path = GitProjectUITests;
			sourceTree = "<group>";
		};
/* End PBXGroup section */

/* Begin PBXNativeTarget section */
		B708B5A628D861F300F5EDBF /* GitProject */ = {
			isa = PBXNativeTarget;
			buildConfigurationList = B708B5D128D861F400F5EDBF /* Build configuration list for PBXNativeTarget "GitProject" */;
			buildPhases = (
				B708B5A328D861F300F5EDBF /* Sources */,
				B708B5A428D861F300F5EDBF /* Frameworks */,
				B708B5A528D861F300F5EDBF /* Resources */,
			);
			buildRules = (
			);
			dependencies = (
			);
			name = GitProject;
			productName = GitProject;
			productReference = B708B5A728D861F300F5EDBF /* GitProject.app */;
			productType = "com.apple.product-type.application";
		};
		B708B5BC28D861F400F5EDBF /* GitProjectTests */ = {
			isa = PBXNativeTarget;
			buildConfigurationList = B708B5D428D861F400F5EDBF /* Build configuration list for PBXNativeTarget "GitProjectTests" */;
			buildPhases = (
				B708B5B928D861F400F5EDBF /* Sources */,
				B708B5BA28D861F400F5EDBF /* Frameworks */,
				B708B5BB28D861F400F5EDBF /* Resources */,
			);
			buildRules = (
			);
			dependencies = (
				B708B5BF28D861F400F5EDBF /* PBXTargetDependency */,
			);
			name = GitProjectTests;
			productName = GitProjectTests;
			productReference = B708B5BD28D861F400F5EDBF /* GitProjectTests.xctest */;
			productType = "com.apple.product-type.bundle.unit-test";
		};
		B708B5C628D861F400F5EDBF /* GitProjectUITests */ = {
			isa = PBXNativeTarget;
			buildConfigurationList = B708B5D728D861F400F5EDBF /* Build configuration list for PBXNativeTarget "GitProjectUITests" */;
			buildPhases = (
				B708B5C328D861F400F5EDBF /* Sources */,
				B708B5C428D861F400F5EDBF /* Frameworks */,
				B708B5C528D861F400F5EDBF /* Resources */,
			);
			buildRules = (
			);
			dependencies = (
				B708B5C928D861F400F5EDBF /* PBXTargetDependency */,
			);
			name = GitProjectUITests;
			productName = GitProjectUITests;
			productReference = B708B5C728D861F400F5EDBF /* GitProjectUITests.xctest */;
			productType = "com.apple.product-type.bundle.ui-testing";
		};
/* End PBXNativeTarget section */

/* Begin PBXProject section */
		B708B59F28D861F300F5EDBF /* Project object */ = {
			isa = PBXProject;
			attributes = {
				BuildIndependentTargetsInParallel = 1;
				LastSwiftUpdateCheck = 1340;
				LastUpgradeCheck = 1340;
				TargetAttributes = {
					B708B5A628D861F300F5EDBF = {
						CreatedOnToolsVersion = 13.4.1;
					};
					B708B5BC28D861F400F5EDBF = {
						CreatedOnToolsVersion = 13.4.1;
						TestTargetID = B708B5A628D861F300F5EDBF;
					};
					B708B5C628D861F400F5EDBF = {
						CreatedOnToolsVersion = 13.4.1;
						TestTargetID = B708B5A628D861F300F5EDBF;
					};
				};
			};
			buildConfigurationList = B708B5A228D861F300F5EDBF /* Build configuration list for PBXProject "GitProject" */;
			compatibilityVersion = "Xcode 13.0";
			developmentRegion = en;
			hasScannedForEncodings = 0;
			knownRegions = (
				en,
				Base,
			);
			mainGroup = B708B59E28D861F300F5EDBF;
			productRefGroup = B708B5A828D861F300F5EDBF /* Products */;
			projectDirPath = "";
			projectRoot = "";
			targets = (
				B708B5A628D861F300F5EDBF /* GitProject */,
				B708B5BC28D861F400F5EDBF /* GitProjectTests */,
				B708B5C628D861F400F5EDBF /* GitProjectUITests */,
			);
		};
/* End PBXProject section */

/* Begin PBXResourcesBuildPhase section */
		B708B5A528D861F300F5EDBF /* Resources */ = {
			isa = PBXResourcesBuildPhase;
			buildActionMask = 2147483647;
			files = (
				B708B5B728D861F400F5EDBF /* LaunchScreen.storyboard in Resources */,
				B708B5B428D861F400F5EDBF /* Assets.xcassets in Resources */,
				B708B5B228D861F300F5EDBF /* Main.storyboard in Resources */,
			);
			runOnlyForDeploymentPostprocessing = 0;
		};
		B708B5BB28D861F400F5EDBF /* Resources */ = {
			isa = PBXResourcesBuildPhase;
			buildActionMask = 2147483647;
			files = (
			);
			runOnlyForDeploymentPostprocessing = 0;
		};
		B708B5C528D861F400F5EDBF /* Resources */ = {
			isa = PBXResourcesBuildPhase;
			buildActionMask = 2147483647;
			files = (
			);
			runOnlyForDeploymentPostprocessing = 0;
		};
/* End PBXResourcesBuildPhase section */

/* Begin PBXSourcesBuildPhase section */
		B708B5A328D861F300F5EDBF /* Sources */ = {
			isa = PBXSourcesBuildPhase;
			buildActionMask = 2147483647;
			files = (
				B708B5AF28D861F300F5EDBF /* ViewController.swift in Sources */,
				B708B5AB28D861F300F5EDBF /* AppDelegate.swift in Sources */,
				B708B5AD28D861F300F5EDBF /* SceneDelegate.swift in Sources */,
			);
			runOnlyForDeploymentPostprocessing = 0;
		};
		B708B5B928D861F400F5EDBF /* Sources */ = {
			isa = PBXSourcesBuildPhase;
			buildActionMask = 2147483647;
			files = (
				B708B5C228D861F400F5EDBF /* GitProjectTests.swift in Sources */,
			);
			runOnlyForDeploymentPostprocessing = 0;
		};
		B708B5C328D861F400F5EDBF /* Sources */ = {
			isa = PBXSourcesBuildPhase;
			buildActionMask = 2147483647;
			files = (
				B708B5CC28D861F400F5EDBF /* GitProjectUITests.swift in Sources */,
				B708B5CE28D861F400F5EDBF /* GitProjectUITestsLaunchTests.swift in Sources */,
			);
			runOnlyForDeploymentPostprocessing = 0;
		};
/* End PBXSourcesBuildPhase section */

/* Begin PBXTargetDependency section */
		B708B5BF28D861F400F5EDBF /* PBXTargetDependency */ = {
			isa = PBXTargetDependency;
			target = B708B5A628D861F300F5EDBF /* GitProject */;
			targetProxy = B708B5BE28D861F400F5EDBF /* PBXContainerItemProxy */;
		};
		B708B5C928D861F400F5EDBF /* PBXTargetDependency */ = {
			isa = PBXTargetDependency;
			target = B708B5A628D861F300F5EDBF /* GitProject */;
			targetProxy = B708B5C828D861F400F5EDBF /* PBXContainerItemProxy */;
		};
/* End PBXTargetDependency section */

/* Begin PBXVariantGroup section */
		B708B5B028D861F300F5EDBF /* Main.storyboard */ = {
			isa = PBXVariantGroup;
			children = (
				B708B5B128D861F300F5EDBF /* Base */,
			);
			name = Main.storyboard;
			sourceTree = "<group>";
		};
		B708B5B528D861F400F5EDBF /* LaunchScreen.storyboard */ = {
			isa = PBXVariantGroup;
			children = (
				B708B5B628D861F400F5EDBF /* Base */,
			);
			name = LaunchScreen.storyboard;
			sourceTree = "<group>";
		};
/* End PBXVariantGroup section */

/* Begin XCBuildConfiguration section */
		B708B5CF28D861F400F5EDBF /* Debug */ = {
			isa = XCBuildConfiguration;
			buildSettings = {
				ALWAYS_SEARCH_USER_PATHS = NO;
				CLANG_ANALYZER_NONNULL = YES;
				CLANG_ANALYZER_NUMBER_OBJECT_CONVERSION = YES_AGGRESSIVE;
				CLANG_CXX_LANGUAGE_STANDARD = "gnu++17";
				CLANG_ENABLE_MODULES = YES;
				CLANG_ENABLE_OBJC_ARC = YES;
				CLANG_ENABLE_OBJC_WEAK = YES;
				CLANG_WARN_BLOCK_CAPTURE_AUTORELEASING = YES;
				CLANG_WARN_BOOL_CONVERSION = YES;
				CLANG_WARN_COMMA = YES;
				CLANG_WARN_CONSTANT_CONVERSION = YES;
				CLANG_WARN_DEPRECATED_OBJC_IMPLEMENTATIONS = YES;
				CLANG_WARN_DIRECT_OBJC_ISA_USAGE = YES_ERROR;
				CLANG_WARN_DOCUMENTATION_COMMENTS = YES;
				CLANG_WARN_EMPTY_BODY = YES;
				CLANG_WARN_ENUM_CONVERSION = YES;
				CLANG_WARN_INFINITE_RECURSION = YES;
				CLANG_WARN_INT_CONVERSION = YES;
				CLANG_WARN_NON_LITERAL_NULL_CONVERSION = YES;
				CLANG_WARN_OBJC_IMPLICIT_RETAIN_SELF = YES;
				CLANG_WARN_OBJC_LITERAL_CONVERSION = YES;
				CLANG_WARN_OBJC_ROOT_CLASS = YES_ERROR;
				CLANG_WARN_QUOTED_INCLUDE_IN_FRAMEWORK_HEADER = YES;
				CLANG_WARN_RANGE_LOOP_ANALYSIS = YES;
				CLANG_WARN_STRICT_PROTOTYPES = YES;
				CLANG_WARN_SUSPICIOUS_MOVE = YES;
				CLANG_WARN_UNGUARDED_AVAILABILITY = YES_AGGRESSIVE;
				CLANG_WARN_UNREACHABLE_CODE = YES;
				CLANG_WARN__DUPLICATE_METHOD_MATCH = YES;
				COPY_PHASE_STRIP = NO;
				DEBUG_INFORMATION_FORMAT = dwarf;
				ENABLE_STRICT_OBJC_MSGSEND = YES;
				ENABLE_TESTABILITY = YES;
				GCC_C_LANGUAGE_STANDARD = gnu11;
				GCC_DYNAMIC_NO_PIC = NO;
				GCC_NO_COMMON_BLOCKS = YES;
				GCC_OPTIMIZATION_LEVEL = 0;
				GCC_PREPROCESSOR_DEFINITIONS = (
					"DEBUG=1",
					"$(inherited)",
				);
				GCC_WARN_64_TO_32_BIT_CONVERSION = YES;
				GCC_WARN_ABOUT_RETURN_TYPE = YES_ERROR;
				GCC_WARN_UNDECLARED_SELECTOR = YES;
				GCC_WARN_UNINITIALIZED_AUTOS = YES_AGGRESSIVE;
				GCC_WARN_UNUSED_FUNCTION = YES;
				GCC_WARN_UNUSED_VARIABLE = YES;
				IPHONEOS_DEPLOYMENT_TARGET = 15.5;
				MTL_ENABLE_DEBUG_INFO = INCLUDE_SOURCE;
				MTL_FAST_MATH = YES;
				ONLY_ACTIVE_ARCH = YES;
				SDKROOT = iphoneos;
				SWIFT_ACTIVE_COMPILATION_CONDITIONS = DEBUG;
				SWIFT_OPTIMIZATION_LEVEL = "-Onone";
			};
			name = Debug;
		};
		B708B5D028D861F400F5EDBF /* Release */ = {
			isa = XCBuildConfiguration;
			buildSettings = {
				ALWAYS_SEARCH_USER_PATHS = NO;
				CLANG_ANALYZER_NONNULL = YES;
				CLANG_ANALYZER_NUMBER_OBJECT_CONVERSION = YES_AGGRESSIVE;
				CLANG_CXX_LANGUAGE_STANDARD = "gnu++17";
				CLANG_ENABLE_MODULES = YES;
				CLANG_ENABLE_OBJC_ARC = YES;
				CLANG_ENABLE_OBJC_WEAK = YES;
				CLANG_WARN_BLOCK_CAPTURE_AUTORELEASING = YES;
				CLANG_WARN_BOOL_CONVERSION = YES;
				CLANG_WARN_COMMA = YES;
				CLANG_WARN_CONSTANT_CONVERSION = YES;
				CLANG_WARN_DEPRECATED_OBJC_IMPLEMENTATIONS = YES;
				CLANG_WARN_DIRECT_OBJC_ISA_USAGE = YES_ERROR;
				CLANG_WARN_DOCUMENTATION_COMMENTS = YES;
				CLANG_WARN_EMPTY_BODY = YES;
				CLANG_WARN_ENUM_CONVERSION = YES;
				CLANG_WARN_INFINITE_RECURSION = YES;
				CLANG_WARN_INT_CONVERSION = YES;
				CLANG_WARN_NON_LITERAL_NULL_CONVERSION = YES;
				CLANG_WARN_OBJC_IMPLICIT_RETAIN_SELF = YES;
				CLANG_WARN_OBJC_LITERAL_CONVERSION = YES;
				CLANG_WARN_OBJC_ROOT_CLASS = YES_ERROR;
				CLANG_WARN_QUOTED_INCLUDE_IN_FRAMEWORK_HEADER = YES;
				CLANG_WARN_RANGE_LOOP_ANALYSIS = YES;
				CLANG_WARN_STRICT_PROTOTYPES = YES;
				CLANG_WARN_SUSPICIOUS_MOVE = YES;
				CLANG_WARN_UNGUARDED_AVAILABILITY = YES_AGGRESSIVE;
				CLANG_WARN_UNREACHABLE_CODE = YES;
				CLANG_WARN__DUPLICATE_METHOD_MATCH = YES;
				COPY_PHASE_STRIP = NO;
				DEBUG_INFORMATION_FORMAT = "dwarf-with-dsym";
				ENABLE_NS_ASSERTIONS = NO;
				ENABLE_STRICT_OBJC_MSGSEND = YES;
				GCC_C_LANGUAGE_STANDARD = gnu11;
				GCC_NO_COMMON_BLOCKS = YES;
				GCC_WARN_64_TO_32_BIT_CONVERSION = YES;
				GCC_WARN_ABOUT_RETURN_TYPE = YES_ERROR;
				GCC_WARN_UNDECLARED_SELECTOR = YES;
				GCC_WARN_UNINITIALIZED_AUTOS = YES_AGGRESSIVE;
				GCC_WARN_UNUSED_FUNCTION = YES;
				GCC_WARN_UNUSED_VARIABLE = YES;
				IPHONEOS_DEPLOYMENT_TARGET = 15.5;
				MTL_ENABLE_DEBUG_INFO = NO;
				MTL_FAST_MATH = YES;
				SDKROOT = iphoneos;
				SWIFT_COMPILATION_MODE = wholemodule;
				SWIFT_OPTIMIZATION_LEVEL = "-O";
				VALIDATE_PRODUCT = YES;
			};
			name = Release;
		};
		B708B5D228D861F400F5EDBF /* Debug */ = {
			isa = XCBuildConfiguration;
			buildSettings = {
				ASSETCATALOG_COMPILER_APPICON_NAME = AppIcon;
				ASSETCATALOG_COMPILER_GLOBAL_ACCENT_COLOR_NAME = AccentColor;
				CODE_SIGN_STYLE = Automatic;
				CURRENT_PROJECT_VERSION = 1;
				GENERATE_INFOPLIST_FILE = YES;
				INFOPLIST_FILE = GitProject/Info.plist;
				INFOPLIST_KEY_UIApplicationSupportsIndirectInputEvents = YES;
				INFOPLIST_KEY_UILaunchStoryboardName = LaunchScreen;
				INFOPLIST_KEY_UIMainStoryboardFile = Main;
				INFOPLIST_KEY_UISupportedInterfaceOrientations_iPad = "UIInterfaceOrientationPortrait UIInterfaceOrientationPortraitUpsideDown UIInterfaceOrientationLandscapeLeft UIInterfaceOrientationLandscapeRight";
				INFOPLIST_KEY_UISupportedInterfaceOrientations_iPhone = "UIInterfaceOrientationPortrait UIInterfaceOrientationLandscapeLeft UIInterfaceOrientationLandscapeRight";
				LD_RUNPATH_SEARCH_PATHS = (
					"$(inherited)",
					"@executable_path/Frameworks",
				);
				MARKETING_VERSION = 1.0;
				PRODUCT_BUNDLE_IDENTIFIER = com.capgemini.GitProject;
				PRODUCT_NAME = "$(TARGET_NAME)";
				SWIFT_EMIT_LOC_STRINGS = YES;
				SWIFT_VERSION = 5.0;
				TARGETED_DEVICE_FAMILY = "1,2";
			};
			name = Debug;
		};
		B708B5D328D861F400F5EDBF /* Release */ = {
			isa = XCBuildConfiguration;
			buildSettings = {
				ASSETCATALOG_COMPILER_APPICON_NAME = AppIcon;
				ASSETCATALOG_COMPILER_GLOBAL_ACCENT_COLOR_NAME = AccentColor;
				CODE_SIGN_STYLE = Automatic;
				CURRENT_PROJECT_VERSION = 1;
				GENERATE_INFOPLIST_FILE = YES;
				INFOPLIST_FILE = GitProject/Info.plist;
				INFOPLIST_KEY_UIApplicationSupportsIndirectInputEvents = YES;
				INFOPLIST_KEY_UILaunchStoryboardName = LaunchScreen;
				INFOPLIST_KEY_UIMainStoryboardFile = Main;
				INFOPLIST_KEY_UISupportedInterfaceOrientations_iPad = "UIInterfaceOrientationPortrait UIInterfaceOrientationPortraitUpsideDown UIInterfaceOrientationLandscapeLeft UIInterfaceOrientationLandscapeRight";
				INFOPLIST_KEY_UISupportedInterfaceOrientations_iPhone = "UIInterfaceOrientationPortrait UIInterfaceOrientationLandscapeLeft UIInterfaceOrientationLandscapeRight";
				LD_RUNPATH_SEARCH_PATHS = (
					"$(inherited)",
					"@executable_path/Frameworks",
				);
				MARKETING_VERSION = 1.0;
				PRODUCT_BUNDLE_IDENTIFIER = com.capgemini.GitProject;
				PRODUCT_NAME = "$(TARGET_NAME)";
				SWIFT_EMIT_LOC_STRINGS = YES;
				SWIFT_VERSION = 5.0;
				TARGETED_DEVICE_FAMILY = "1,2";
			};
			name = Release;
		};
		B708B5D528D861F400F5EDBF /* Debug */ = {
			isa = XCBuildConfiguration;
			buildSettings = {
				ALWAYS_EMBED_SWIFT_STANDARD_LIBRARIES = YES;
				BUNDLE_LOADER = "$(TEST_HOST)";
				CODE_SIGN_STYLE = Automatic;
				CURRENT_PROJECT_VERSION = 1;
				GENERATE_INFOPLIST_FILE = YES;
				IPHONEOS_DEPLOYMENT_TARGET = 15.5;
				MARKETING_VERSION = 1.0;
				PRODUCT_BUNDLE_IDENTIFIER = com.capgemini.GitProjectTests;
				PRODUCT_NAME = "$(TARGET_NAME)";
				SWIFT_EMIT_LOC_STRINGS = NO;
				SWIFT_VERSION = 5.0;
				TARGETED_DEVICE_FAMILY = "1,2";
				TEST_HOST = "$(BUILT_PRODUCTS_DIR)/GitProject.app/GitProject";
			};
			name = Debug;
		};
		B708B5D628D861F400F5EDBF /* Release */ = {
			isa = XCBuildConfiguration;
			buildSettings = {
				ALWAYS_EMBED_SWIFT_STANDARD_LIBRARIES = YES;
				BUNDLE_LOADER = "$(TEST_HOST)";
				CODE_SIGN_STYLE = Automatic;
				CURRENT_PROJECT_VERSION = 1;
				GENERATE_INFOPLIST_FILE = YES;
				IPHONEOS_DEPLOYMENT_TARGET = 15.5;
				MARKETING_VERSION = 1.0;
				PRODUCT_BUNDLE_IDENTIFIER = com.capgemini.GitProjectTests;
				PRODUCT_NAME = "$(TARGET_NAME)";
				SWIFT_EMIT_LOC_STRINGS = NO;
				SWIFT_VERSION = 5.0;
				TARGETED_DEVICE_FAMILY = "1,2";
				TEST_HOST = "$(BUILT_PRODUCTS_DIR)/GitProject.app/GitProject";
			};
			name = Release;
		};
		B708B5D828D861F400F5EDBF /* Debug */ = {
			isa = XCBuildConfiguration;
			buildSettings = {
				ALWAYS_EMBED_SWIFT_STANDARD_LIBRARIES = YES;
				CODE_SIGN_STYLE = Automatic;
				CURRENT_PROJECT_VERSION = 1;
				GENERATE_INFOPLIST_FILE = YES;
				MARKETING_VERSION = 1.0;
				PRODUCT_BUNDLE_IDENTIFIER = com.capgemini.GitProjectUITests;
				PRODUCT_NAME = "$(TARGET_NAME)";
				SWIFT_EMIT_LOC_STRINGS = NO;
				SWIFT_VERSION = 5.0;
				TARGETED_DEVICE_FAMILY = "1,2";
				TEST_TARGET_NAME = GitProject;
			};
			name = Debug;
		};
		B708B5D928D861F400F5EDBF /* Release */ = {
			isa = XCBuildConfiguration;
			buildSettings = {
				ALWAYS_EMBED_SWIFT_STANDARD_LIBRARIES = YES;
				CODE_SIGN_STYLE = Automatic;
				CURRENT_PROJECT_VERSION = 1;
				GENERATE_INFOPLIST_FILE = YES;
				MARKETING_VERSION = 1.0;
				PRODUCT_BUNDLE_IDENTIFIER = com.capgemini.GitProjectUITests;
				PRODUCT_NAME = "$(TARGET_NAME)";
				SWIFT_EMIT_LOC_STRINGS = NO;
				SWIFT_VERSION = 5.0;
				TARGETED_DEVICE_FAMILY = "1,2";
				TEST_TARGET_NAME = GitProject;
			};
			name = Release;
		};
/* End XCBuildConfiguration section */

/* Begin XCConfigurationList section */
		B708B5A228D861F300F5EDBF /* Build configuration list for PBXProject "GitProject" */ = {
			isa = XCConfigurationList;
			buildConfigurations = (
				B708B5CF28D861F400F5EDBF /* Debug */,
				B708B5D028D861F400F5EDBF /* Release */,
			);
			defaultConfigurationIsVisible = 0;
			defaultConfigurationName = Release;
		};
		B708B5D128D861F400F5EDBF /* Build configuration list for PBXNativeTarget "GitProject" */ = {
			isa = XCConfigurationList;
			buildConfigurations = (
				B708B5D228D861F400F5EDBF /* Debug */,
				B708B5D328D861F400F5EDBF /* Release */,
			);
			defaultConfigurationIsVisible = 0;
			defaultConfigurationName = Release;
		};
		B708B5D428D861F400F5EDBF /* Build configuration list for PBXNativeTarget "GitProjectTests" */ = {
			isa = XCConfigurationList;
			buildConfigurations = (
				B708B5D528D861F400F5EDBF /* Debug */,
				B708B5D628D861F400F5EDBF /* Release */,
			);
			defaultConfigurationIsVisible = 0;
			defaultConfigurationName = Release;
		};
		B708B5D728D861F400F5EDBF /* Build configuration list for PBXNativeTarget "GitProjectUITests" */ = {
			isa = XCConfigurationList;
			buildConfigurations = (
				B708B5D828D861F400F5EDBF /* Debug */,
				B708B5D928D861F400F5EDBF /* Release */,
			);
			defaultConfigurationIsVisible = 0;
			defaultConfigurationName = Release;
		};
/* End XCConfigurationList section */
	};
	rootObject = B708B59F28D861F300F5EDBF /* Project object */;
}
